
Microsoft Visual Studio Solution File, Format Version 12.00
# Visual Studio Version 16
VisualStudioVersion = 16.0.29728.190
MinimumVisualStudioVersion = 10.0.40219.1
Project("{FAE04EC0-301F-11D3-BF4B-00C04F79EFBC}") = "DemoDynamic", "DemoDynamic\DemoDynamic.csproj", "{84677869-EEAE-4B62-A066-20FB495A15D8}"
EndProject
Global
	GlobalSection(SolutionConfigurationPlatforms) = preSolution
		Debug|Any CPU = Debug|Any CPU
		Release|Any CPU = Release|Any CPU
	EndGlobalSection
	GlobalSection(ProjectConfigurationPlatforms) = postSolution
		{84677869-EEAE-4B62-A066-20FB495A15D8}.Debug|Any CPU.ActiveCfg = Debug|Any CPU
		{84677869-EEAE-4B62-A066-20FB495A15D8}.Debug|Any CPU.Build.0 = Debug|Any CPU
		{84677869-EEAE-4B62-A066-20FB495A15D8}.Release|Any CPU.ActiveCfg = Release|Any CPU
		{84677869-EEAE-4B62-A066-20FB495A15D8}.Release|Any CPU.Build.0 = Release|Any CPU
	EndGlobalSection
	GlobalSection(SolutionProperties) = preSolution
		HideSolutionNode = FALSE
	EndGlobalSection
	GlobalSection(ExtensibilityGlobals) = postSolution
		SolutionGuid = {37CC7678-B865-47B4-9329-CD88D9CD7827}
	EndGlobalSection
EndGlobal
