
Microsoft Visual Studio Solution File, Format Version 12.00
# Visual Studio Version 16
VisualStudioVersion = 16.0.29728.190
MinimumVisualStudioVersion = 10.0.40219.1
Project("{FAE04EC0-301F-11D3-BF4B-00C04F79EFBC}") = "Queue", "Queue\Queue.csproj", "{8331F8AE-891A-4810-B435-A9279F780F73}"
EndProject
Global
	GlobalSection(SolutionConfigurationPlatforms) = preSolution
		Debug|Any CPU = Debug|Any CPU
		Release|Any CPU = Release|Any CPU
	EndGlobalSection
	GlobalSection(ProjectConfigurationPlatforms) = postSolution
		{8331F8AE-891A-4810-B435-A9279F780F73}.Debug|Any CPU.ActiveCfg = Debug|Any CPU
		{8331F8AE-891A-4810-B435-A9279F780F73}.Debug|Any CPU.Build.0 = Debug|Any CPU
		{8331F8AE-891A-4810-B435-A9279F780F73}.Release|Any CPU.ActiveCfg = Release|Any CPU
		{8331F8AE-891A-4810-B435-A9279F780F73}.Release|Any CPU.Build.0 = Release|Any CPU
	EndGlobalSection
	GlobalSection(SolutionProperties) = preSolution
		HideSolutionNode = FALSE
	EndGlobalSection
	GlobalSection(ExtensibilityGlobals) = postSolution
		SolutionGuid = {37AF09E0-D0CB-4E6F-8273-DE0D9E646F7C}
	EndGlobalSection
EndGlobal
