
Microsoft Visual Studio Solution File, Format Version 12.00
Project("{FAE04EC0-301F-11D3-BF4B-00C04F79EFBC}") = "stockTrader", "stockTrader\stockTrader.csproj", "{A081D44D-084D-46B5-8616-3CAFB9889571}"
EndProject
Project("{FAE04EC0-301F-11D3-BF4B-00C04F79EFBC}") = "stockTraderTests", "stockTraderTests\stockTraderTests.csproj", "{D85DE7AF-0657-45A4-9997-1C94B2EE03B1}"
EndProject
Global
	GlobalSection(SolutionConfigurationPlatforms) = preSolution
		Debug|Any CPU = Debug|Any CPU
		Release|Any CPU = Release|Any CPU
	EndGlobalSection
	GlobalSection(ProjectConfigurationPlatforms) = postSolution
		{A081D44D-084D-46B5-8616-3CAFB9889571}.Debug|Any CPU.ActiveCfg = Debug|Any CPU
		{A081D44D-084D-46B5-8616-3CAFB9889571}.Debug|Any CPU.Build.0 = Debug|Any CPU
		{A081D44D-084D-46B5-8616-3CAFB9889571}.Release|Any CPU.ActiveCfg = Release|Any CPU
		{A081D44D-084D-46B5-8616-3CAFB9889571}.Release|Any CPU.Build.0 = Release|Any CPU
		{D85DE7AF-0657-45A4-9997-1C94B2EE03B1}.Debug|Any CPU.ActiveCfg = Debug|Any CPU
		{D85DE7AF-0657-45A4-9997-1C94B2EE03B1}.Debug|Any CPU.Build.0 = Debug|Any CPU
		{D85DE7AF-0657-45A4-9997-1C94B2EE03B1}.Release|Any CPU.ActiveCfg = Release|Any CPU
		{D85DE7AF-0657-45A4-9997-1C94B2EE03B1}.Release|Any CPU.Build.0 = Release|Any CPU
	EndGlobalSection
EndGlobal
