
Microsoft Visual Studio Solution File, Format Version 12.00
# Visual Studio Version 16
VisualStudioVersion = 16.0.29728.190
MinimumVisualStudioVersion = 10.0.40219.1
Project("{FAE04EC0-301F-11D3-BF4B-00C04F79EFBC}") = "MinHeap", "MinHeap\MinHeap.csproj", "{A969D2B2-55F4-4007-870D-5382EC01C67E}"
EndProject
Global
	GlobalSection(SolutionConfigurationPlatforms) = preSolution
		Debug|Any CPU = Debug|Any CPU
		Release|Any CPU = Release|Any CPU
	EndGlobalSection
	GlobalSection(ProjectConfigurationPlatforms) = postSolution
		{A969D2B2-55F4-4007-870D-5382EC01C67E}.Debug|Any CPU.ActiveCfg = Debug|Any CPU
		{A969D2B2-55F4-4007-870D-5382EC01C67E}.Debug|Any CPU.Build.0 = Debug|Any CPU
		{A969D2B2-55F4-4007-870D-5382EC01C67E}.Release|Any CPU.ActiveCfg = Release|Any CPU
		{A969D2B2-55F4-4007-870D-5382EC01C67E}.Release|Any CPU.Build.0 = Release|Any CPU
	EndGlobalSection
	GlobalSection(SolutionProperties) = preSolution
		HideSolutionNode = FALSE
	EndGlobalSection
	GlobalSection(ExtensibilityGlobals) = postSolution
		SolutionGuid = {16CAC4F9-7D86-46B0-AA1F-A8D3AB9B2530}
	EndGlobalSection
EndGlobal
