
Microsoft Visual Studio Solution File, Format Version 12.00
# Visual Studio 15
VisualStudioVersion = 15.0.28307.489
MinimumVisualStudioVersion = 10.0.40219.1
Project("{FAE04EC0-301F-11D3-BF4B-00C04F79EFBC}") = "LinkedList", "LinkedList\LinkedList.csproj", "{25EC1F5E-1622-4173-82D8-A5558A1B6506}"
EndProject
Project("{FAE04EC0-301F-11D3-BF4B-00C04F79EFBC}") = "LinkedList.Tests", "LinkedList.Tests\LinkedList.Tests.csproj", "{F1640777-48CD-41FC-9333-8756461267E5}"
EndProject
Global
	GlobalSection(SolutionConfigurationPlatforms) = preSolution
		Debug|Any CPU = Debug|Any CPU
		Release|Any CPU = Release|Any CPU
	EndGlobalSection
	GlobalSection(ProjectConfigurationPlatforms) = postSolution
		{25EC1F5E-1622-4173-82D8-A5558A1B6506}.Debug|Any CPU.ActiveCfg = Debug|Any CPU
		{25EC1F5E-1622-4173-82D8-A5558A1B6506}.Debug|Any CPU.Build.0 = Debug|Any CPU
		{25EC1F5E-1622-4173-82D8-A5558A1B6506}.Release|Any CPU.ActiveCfg = Release|Any CPU
		{25EC1F5E-1622-4173-82D8-A5558A1B6506}.Release|Any CPU.Build.0 = Release|Any CPU
		{F1640777-48CD-41FC-9333-8756461267E5}.Debug|Any CPU.ActiveCfg = Debug|Any CPU
		{F1640777-48CD-41FC-9333-8756461267E5}.Debug|Any CPU.Build.0 = Debug|Any CPU
		{F1640777-48CD-41FC-9333-8756461267E5}.Release|Any CPU.ActiveCfg = Release|Any CPU
		{F1640777-48CD-41FC-9333-8756461267E5}.Release|Any CPU.Build.0 = Release|Any CPU
	EndGlobalSection
	GlobalSection(SolutionProperties) = preSolution
		HideSolutionNode = FALSE
	EndGlobalSection
	GlobalSection(ExtensibilityGlobals) = postSolution
		SolutionGuid = {89EE22A8-D608-4D9B-A4A8-7A1F64E83ADF}
	EndGlobalSection
EndGlobal
