
Microsoft Visual Studio Solution File, Format Version 12.00
# Visual Studio Version 16
VisualStudioVersion = 16.0.29728.190
MinimumVisualStudioVersion = 10.0.40219.1
Project("{FAE04EC0-301F-11D3-BF4B-00C04F79EFBC}") = "AssemblyAttrDemo", "AssemblyAttrDemo\AssemblyAttrDemo.csproj", "{2A01D8EF-C59F-4C2D-A4B7-74C24C17C258}"
EndProject
Global
	GlobalSection(SolutionConfigurationPlatforms) = preSolution
		Debug|Any CPU = Debug|Any CPU
		Release|Any CPU = Release|Any CPU
	EndGlobalSection
	GlobalSection(ProjectConfigurationPlatforms) = postSolution
		{2A01D8EF-C59F-4C2D-A4B7-74C24C17C258}.Debug|Any CPU.ActiveCfg = Debug|Any CPU
		{2A01D8EF-C59F-4C2D-A4B7-74C24C17C258}.Debug|Any CPU.Build.0 = Debug|Any CPU
		{2A01D8EF-C59F-4C2D-A4B7-74C24C17C258}.Release|Any CPU.ActiveCfg = Release|Any CPU
		{2A01D8EF-C59F-4C2D-A4B7-74C24C17C258}.Release|Any CPU.Build.0 = Release|Any CPU
	EndGlobalSection
	GlobalSection(SolutionProperties) = preSolution
		HideSolutionNode = FALSE
	EndGlobalSection
	GlobalSection(ExtensibilityGlobals) = postSolution
		SolutionGuid = {EBCF5629-9202-4B96-98CF-DCC14D5BB798}
	EndGlobalSection
EndGlobal
