
Microsoft Visual Studio Solution File, Format Version 12.00
# Visual Studio Version 16
VisualStudioVersion = 16.0.29728.190
MinimumVisualStudioVersion = 10.0.40219.1
Project("{FAE04EC0-301F-11D3-BF4B-00C04F79EFBC}") = "AssemblyDemo", "AssemblyDemo\AssemblyDemo.csproj", "{0137563C-3C86-4EB2-9E46-A3BEBC2E53FA}"
EndProject
Global
	GlobalSection(SolutionConfigurationPlatforms) = preSolution
		Debug|Any CPU = Debug|Any CPU
		Release|Any CPU = Release|Any CPU
	EndGlobalSection
	GlobalSection(ProjectConfigurationPlatforms) = postSolution
		{0137563C-3C86-4EB2-9E46-A3BEBC2E53FA}.Debug|Any CPU.ActiveCfg = Debug|Any CPU
		{0137563C-3C86-4EB2-9E46-A3BEBC2E53FA}.Debug|Any CPU.Build.0 = Debug|Any CPU
		{0137563C-3C86-4EB2-9E46-A3BEBC2E53FA}.Release|Any CPU.ActiveCfg = Release|Any CPU
		{0137563C-3C86-4EB2-9E46-A3BEBC2E53FA}.Release|Any CPU.Build.0 = Release|Any CPU
	EndGlobalSection
	GlobalSection(SolutionProperties) = preSolution
		HideSolutionNode = FALSE
	EndGlobalSection
	GlobalSection(ExtensibilityGlobals) = postSolution
		SolutionGuid = {6252A639-B1E8-4369-8BA0-5DBD69562DC1}
	EndGlobalSection
EndGlobal
